
Microsoft Visual Studio Solution File, Format Version 12.00
# Visual Studio Version 16
VisualStudioVersion = 16.0.29230.47
MinimumVisualStudioVersion = 10.0.40219.1
Project("{FAE04EC0-301F-11D3-BF4B-00C04F79EFBC}") = "RayTracerChallenge", "RayTracerChallenge\RayTracerChallenge.csproj", "{4E34B680-EE7D-40D2-B94B-AF19080D2D46}"
EndProject
Project("{FAE04EC0-301F-11D3-BF4B-00C04F79EFBC}") = "RayTracerChallengeTest", "RayTracerChallengeTest\RayTracerChallengeTest.csproj", "{A3960C71-9466-4372-ABA6-476FBFA42001}"
EndProject
Global
	GlobalSection(SolutionConfigurationPlatforms) = preSolution
		Debug|Any CPU = Debug|Any CPU
		Release|Any CPU = Release|Any CPU
	EndGlobalSection
	GlobalSection(ProjectConfigurationPlatforms) = postSolution
		{4E34B680-EE7D-40D2-B94B-AF19080D2D46}.Debug|Any CPU.ActiveCfg = Debug|Any CPU
		{4E34B680-EE7D-40D2-B94B-AF19080D2D46}.Debug|Any CPU.Build.0 = Debug|Any CPU
		{4E34B680-EE7D-40D2-B94B-AF19080D2D46}.Release|Any CPU.ActiveCfg = Release|Any CPU
		{4E34B680-EE7D-40D2-B94B-AF19080D2D46}.Release|Any CPU.Build.0 = Release|Any CPU
		{A3960C71-9466-4372-ABA6-476FBFA42001}.Debug|Any CPU.ActiveCfg = Debug|Any CPU
		{A3960C71-9466-4372-ABA6-476FBFA42001}.Debug|Any CPU.Build.0 = Debug|Any CPU
		{A3960C71-9466-4372-ABA6-476FBFA42001}.Release|Any CPU.ActiveCfg = Release|Any CPU
		{A3960C71-9466-4372-ABA6-476FBFA42001}.Release|Any CPU.Build.0 = Release|Any CPU
	EndGlobalSection
	GlobalSection(SolutionProperties) = preSolution
		HideSolutionNode = FALSE
	EndGlobalSection
	GlobalSection(ExtensibilityGlobals) = postSolution
		SolutionGuid = {61A1C067-8CA7-44D1-A584-1B449262EAFF}
	EndGlobalSection
EndGlobal
